
Microsoft Visual Studio Solution File, Format Version 12.00
# Visual Studio Version 16
VisualStudioVersion = 16.0.29920.165
MinimumVisualStudioVersion = 10.0.40219.1
Project("{FAE04EC0-301F-11D3-BF4B-00C04F79EFBC}") = "WindowsFormsApp", "WindowsFormsApp.csproj", "{A372C010-D52E-4602-8CC2-E1AA311E4B77}"
EndProject
Global
	GlobalSection(SolutionConfigurationPlatforms) = preSolution
		Debug|Any CPU = Debug|Any CPU
		Release|Any CPU = Release|Any CPU
	EndGlobalSection
	GlobalSection(ProjectConfigurationPlatforms) = postSolution
		{A372C010-D52E-4602-8CC2-E1AA311E4B77}.Debug|Any CPU.ActiveCfg = Debug|Any CPU
		{A372C010-D52E-4602-8CC2-E1AA311E4B77}.Debug|Any CPU.Build.0 = Debug|Any CPU
		{A372C010-D52E-4602-8CC2-E1AA311E4B77}.Release|Any CPU.ActiveCfg = Release|Any CPU
		{A372C010-D52E-4602-8CC2-E1AA311E4B77}.Release|Any CPU.Build.0 = Release|Any CPU
	EndGlobalSection
	GlobalSection(SolutionProperties) = preSolution
		HideSolutionNode = FALSE
	EndGlobalSection
	GlobalSection(ExtensibilityGlobals) = postSolution
		SolutionGuid = {DE6130D3-4FD9-4297-B115-FC69202A5EC0}
	EndGlobalSection
EndGlobal
