
Microsoft Visual Studio Solution File, Format Version 12.00
# Visual Studio Version 16
VisualStudioVersion = 16.0.29001.49
MinimumVisualStudioVersion = 10.0.40219.1
Project("{FAE04EC0-301F-11D3-BF4B-00C04F79EFBC}") = "期末考试", "期末考试.csproj", "{C0FEB7A8-9E6C-4706-A85A-4A7B4AC57688}"
EndProject
Global
	GlobalSection(SolutionConfigurationPlatforms) = preSolution
		Debug|Any CPU = Debug|Any CPU
		Release|Any CPU = Release|Any CPU
	EndGlobalSection
	GlobalSection(ProjectConfigurationPlatforms) = postSolution
		{C0FEB7A8-9E6C-4706-A85A-4A7B4AC57688}.Debug|Any CPU.ActiveCfg = Debug|Any CPU
		{C0FEB7A8-9E6C-4706-A85A-4A7B4AC57688}.Debug|Any CPU.Build.0 = Debug|Any CPU
		{C0FEB7A8-9E6C-4706-A85A-4A7B4AC57688}.Release|Any CPU.ActiveCfg = Release|Any CPU
		{C0FEB7A8-9E6C-4706-A85A-4A7B4AC57688}.Release|Any CPU.Build.0 = Release|Any CPU
	EndGlobalSection
	GlobalSection(SolutionProperties) = preSolution
		HideSolutionNode = FALSE
	EndGlobalSection
	GlobalSection(ExtensibilityGlobals) = postSolution
		SolutionGuid = {64E38033-98C8-48EF-89C6-F68DF0EF3A73}
	EndGlobalSection
EndGlobal
