
Microsoft Visual Studio Solution File, Format Version 12.00
# Visual Studio 15
VisualStudioVersion = 15.0.28307.572
MinimumVisualStudioVersion = 10.0.40219.1
Project("{FAE04EC0-301F-11D3-BF4B-00C04F79EFBC}") = "期中考试", "期中考试\期中考试.csproj", "{D46022E7-7839-47DE-A075-E2A8B929A228}"
EndProject
Global
	GlobalSection(SolutionConfigurationPlatforms) = preSolution
		Debug|Any CPU = Debug|Any CPU
		Release|Any CPU = Release|Any CPU
	EndGlobalSection
	GlobalSection(ProjectConfigurationPlatforms) = postSolution
		{D46022E7-7839-47DE-A075-E2A8B929A228}.Debug|Any CPU.ActiveCfg = Debug|Any CPU
		{D46022E7-7839-47DE-A075-E2A8B929A228}.Debug|Any CPU.Build.0 = Debug|Any CPU
		{D46022E7-7839-47DE-A075-E2A8B929A228}.Release|Any CPU.ActiveCfg = Release|Any CPU
		{D46022E7-7839-47DE-A075-E2A8B929A228}.Release|Any CPU.Build.0 = Release|Any CPU
	EndGlobalSection
	GlobalSection(SolutionProperties) = preSolution
		HideSolutionNode = FALSE
	EndGlobalSection
	GlobalSection(ExtensibilityGlobals) = postSolution
		SolutionGuid = {71D00453-CE8E-47B6-8F56-11A3227BB1AF}
	EndGlobalSection
EndGlobal
